{
  "lockfileVersion": 2,
  "configVersion": 1,
  "workspaces": {
    "": {
      "name": "chat",
      "dependencies": {
        "@ai-sdk/openai-compatible": "^3.0.53",
        "@langfuse/otel": "^5.11.1",
        "@openrouter/ai-sdk-provider": "^3.0.0",
        "@opentelemetry/sdk-trace-base": "^2.11.0",
        "@vercel/otel": "^2.1.3",
        "ai": "^7.0.58",
        "eve": "^0.44.3",
        "zod": "4.4.3",
      },
      "devDependencies": {
        "@types/node": "24.x",
        "typescript": "7.0.2",
      },
    },
  },
  "packages": {
    "@ai-sdk/gateway": ["@ai-sdk/gateway@4.0.80", "", { "dependencies": { "@ai-sdk/provider": "4.0.14", "@ai-sdk/provider-utils": "5.0.40", "@vercel/oidc": "3.2.0" }, "peerDependencies": { "zod": "^3.25.76 || ^4.1.8" } }, "sha512-6t+07o8lSthpKf64Xb1qHWR2bWvJ3Fd2oFvS9fQc45p31bi2OUqan246e/ojAmZpWCiMPjKyQ4TBr4MYytnTiQ=="],

    "@ai-sdk/openai-compatible": ["@ai-sdk/openai-compatible@3.0.53", "", { "dependencies": { "@ai-sdk/provider": "4.0.17", "@ai-sdk/provider-utils": "5.0.45" }, "peerDependencies": { "zod": "^3.25.76 || ^4.1.8" } }, "sha512-uOeghHYcF+CHP/dOCAtdfKesuKLKqDFtkq79bJFNSx4YOqpiP734TdJAZDA8KIWH7mdGNQ0a4N9238HG4FN2Rg=="],

    "@ai-sdk/provider": ["@ai-sdk/provider@4.0.17", "", { "dependencies": { "json-schema": "^0.4.0" } }, "sha512-VYMBxIQdcHqbIf1j+YZlI9Ati6LZ4wJe0GGd4z4a5H/KxTggjeOiyaVYTnfF7LHZK5jMQ+rofmzz4QPqf++NUw=="],

    "@ai-sdk/provider-utils": ["@ai-sdk/provider-utils@5.0.45", "", { "dependencies": { "@ai-sdk/provider": "4.0.17", "@standard-schema/spec": "^1.1.0", "@workflow/serde": "4.1.0", "eventsource-parser": "^3.0.8", "undici": "^7.29.0" }, "peerDependencies": { "zod": "^3.25.76 || ^4.1.8" } }, "sha512-gLuaCups8OCIRz3eO6WWz5op7VLYNNtFzyH0sWUr0FE9v7cTxR0qxDpQdrKnGcql+9WWttobjnZsJVsuEbsPQQ=="],

    "@langfuse/core": ["@langfuse/core@5.11.1", "", { "peerDependencies": { "@opentelemetry/api": "^1.9.0" } }, "sha512-Oor1z4BlgI5RaUrRYYKf3ijyCAx0tiGCWsABzfm6ZDAgbaaFuiwvJVtXGohiq5evcnjGGE5h4Mf4ZjH1yd5vjw=="],

    "@langfuse/otel": ["@langfuse/otel@5.11.1", "", { "dependencies": { "@langfuse/core": "^5.11.1" }, "peerDependencies": { "@opentelemetry/api": "^1.9.0", "@opentelemetry/core": "^2.0.1", "@opentelemetry/exporter-trace-otlp-http": ">=0.202.0 <1.0.0", "@opentelemetry/sdk-trace-base": "^2.0.1" } }, "sha512-Urn2WMvOINh7tNCTrq7qvDvNuA1VkxnJstLAHZghDeo1TFGQE7Ok9GoWmyBEwl6uX3D04TL2vkX9Vr7XDORvxQ=="],

    "@openrouter/ai-sdk-provider": ["@openrouter/ai-sdk-provider@3.0.0", "", { "peerDependencies": { "ai": "^7.0.0", "zod": "^3.25.76 || ^4.1.8" } }, "sha512-m9XTSWoODH2RM5OsZpaGiN7QRR8cdP5paBWq699Tu3JVmGPBKT8xF8XwV0ZBVVsjikD/JgWfak4VSsTR4wAVbg=="],

    "@opentelemetry/api": ["@opentelemetry/api@1.9.1", "", {}, "sha512-gLyJlPHPZYdAk1JENA9LeHejZe1Ti77/pTeFm/nMXmQH/HFZlcS/O2XJB+L8fkbrNSqhdtlvjBVjxwUYanNH5Q=="],

    "@opentelemetry/api-logs": ["@opentelemetry/api-logs@0.222.0", "", { "dependencies": { "@opentelemetry/api": "^1.3.0" } }, "sha512-9mb1If+IF6u0ZVXkHQ6ogEae5HwA6ajIVUgpSDQyRASxft6BSXHvBvPooRle3yFN/fKnCdSOnuu0OC3PLcF6+g=="],

    "@opentelemetry/core": ["@opentelemetry/core@2.11.0", "", { "dependencies": { "@opentelemetry/semantic-conventions": "^1.29.0" }, "peerDependencies": { "@opentelemetry/api": ">=1.0.0 <1.10.0" } }, "sha512-7YP44XH0tV6+Mb54x2YGf84i7yi+31MBZlE8JwvozkxyTvXbSp10X7cI7YE49ChJ3shMJoBmCJF3+1QFBJctGA=="],

    "@opentelemetry/exporter-trace-otlp-http": ["@opentelemetry/exporter-trace-otlp-http@0.222.0", "", { "dependencies": { "@opentelemetry/otlp-exporter-base": "0.222.0", "@opentelemetry/otlp-transformer": "0.222.0", "@opentelemetry/sdk-trace": "2.11.0" }, "peerDependencies": { "@opentelemetry/api": "^1.3.0" } }, "sha512-RCnPWcHppwiquQ+cV3nWvNwdf0MG1w26e5jewW2T83nTZOlXgcg88sY9ulCVgagGHcq1mj0L0GP6YHgzk2v8oA=="],

    "@opentelemetry/instrumentation": ["@opentelemetry/instrumentation@0.222.0", "", { "dependencies": { "@opentelemetry/api-logs": "0.222.0", "import-in-the-middle": "^3.0.0", "require-in-the-middle": "^8.0.0" }, "peerDependencies": { "@opentelemetry/api": "^1.3.0" } }, "sha512-fhbRDuAgzPKpq1k5+hX3uS+3QAYNca0on0Ngot/R8dDsQtuFaADeZnG2uSgxABuvcI7S2phAaRhbct9jieeKZw=="],

    "@opentelemetry/otlp-exporter-base": ["@opentelemetry/otlp-exporter-base@0.222.0", "", { "dependencies": { "@opentelemetry/core": "2.11.0", "@opentelemetry/otlp-transformer": "0.222.0" }, "peerDependencies": { "@opentelemetry/api": "^1.3.0" } }, "sha512-YbywG3veEm2Fb6TbdxRkuquWob6eVWXuA8/Ba1tXz9jHfUqpdE3keilOHEtPboC4CvS1bjeeVfNkWGOOrLj+lw=="],

    "@opentelemetry/otlp-transformer": ["@opentelemetry/otlp-transformer@0.222.0", "", { "dependencies": { "@opentelemetry/api-logs": "0.222.0", "@opentelemetry/core": "2.11.0", "@opentelemetry/resources": "2.11.0", "@opentelemetry/sdk-logs": "0.222.0", "@opentelemetry/sdk-metrics": "2.11.0", "@opentelemetry/sdk-trace": "2.11.0" }, "peerDependencies": { "@opentelemetry/api": "^1.3.0" } }, "sha512-/F3BZ89+CJQnZkMh2tCrtcdB+XT2Dxhj4FFE+WPQ//413hmFL0/RfEX6vgOIWGhiSzrkHWTK3+6SiT7K5/g/jQ=="],

    "@opentelemetry/resources": ["@opentelemetry/resources@2.11.0", "", { "dependencies": { "@opentelemetry/core": "2.11.0", "@opentelemetry/semantic-conventions": "^1.29.0" }, "peerDependencies": { "@opentelemetry/api": ">=1.3.0 <1.10.0" } }, "sha512-Ie7+8q8MDF4FAEQCKVMTx3ReUvxiIAgIiiW3c9JdmP8+HMcDy20puT+AHjexnExgnbvBxjQ9fjkFDWrikJ2jQA=="],

    "@opentelemetry/sdk-logs": ["@opentelemetry/sdk-logs@0.222.0", "", { "dependencies": { "@opentelemetry/api-logs": "0.222.0", "@opentelemetry/core": "2.11.0", "@opentelemetry/resources": "2.11.0", "@opentelemetry/semantic-conventions": "^1.29.0" }, "peerDependencies": { "@opentelemetry/api": ">=1.4.0 <1.10.0" } }, "sha512-+19YHODIjaUCArxleaJtuufFZVpz/xvvK+VllQqE+W8hHolxdoRwHfK/s667zezwh1hkx6FFF+oYzetYgqK+Bg=="],

    "@opentelemetry/sdk-metrics": ["@opentelemetry/sdk-metrics@2.11.0", "", { "dependencies": { "@opentelemetry/core": "2.11.0", "@opentelemetry/resources": "2.11.0" }, "peerDependencies": { "@opentelemetry/api": ">=1.9.0 <1.10.0" } }, "sha512-7GXXcObyHyDUUSG+L+kJoquty01bzm7ivE7+SSgXXJcHuPzGviptxwARmI2c+bnnxjexGQbJnyNlN8HxBP/Y7A=="],

    "@opentelemetry/sdk-trace": ["@opentelemetry/sdk-trace@2.11.0", "", { "dependencies": { "@opentelemetry/core": "2.11.0", "@opentelemetry/resources": "2.11.0", "@opentelemetry/semantic-conventions": "^1.29.0" }, "peerDependencies": { "@opentelemetry/api": ">=1.3.0 <1.10.0" } }, "sha512-fFnTqGm8/G73GQVnxYi7LXa1ZVYEUvgL6XI1LpvV0bPC7WQ/ZGgKxCSl8FnlZBKto9JHHEFTO6s6CUpvvtwFrA=="],

    "@opentelemetry/sdk-trace-base": ["@opentelemetry/sdk-trace-base@2.11.0", "", { "dependencies": { "@opentelemetry/core": "2.11.0", "@opentelemetry/resources": "2.11.0", "@opentelemetry/sdk-trace": "2.11.0", "@opentelemetry/semantic-conventions": "^1.29.0" }, "peerDependencies": { "@opentelemetry/api": ">=1.3.0 <1.10.0" } }, "sha512-H19x/TX/LZdqiYOjM7fqtSxwlplC5pgelavqbQdHbhdq0q/AI/TGkM2dfGuuynTXmJPeF2HoZVoPDu+TGoW78A=="],

    "@opentelemetry/semantic-conventions": ["@opentelemetry/semantic-conventions@1.43.0", "", {}, "sha512-eSYWTm620tTk45EKSedaUL8MFYI8hW164hIXsgIHyxu3VobUB3fFCu5t0hQby6OoWRPsG1KkKUG2M5UadiLiVg=="],

    "@oxc-project/types": ["@oxc-project/types@0.149.0", "", {}, "sha512-Efcc+iF0j3Bf67YjEqIqWXbX5XddXoK/Mw4K1/JuXwRCZ8N16VR7iT23nlCc9XrveFVh/E5Rqs2StT0V8v9LdA=="],

    "@rolldown/binding-android-arm-eabi": ["@rolldown/binding-android-arm-eabi@1.2.8", "", { "os": "android", "cpu": "arm" }, "sha512-tN5aztYkKCte4i5SIrrz5yK/HMjEuCqCSCJa418jOV8tZ1cBY3YF2otxB1ktPxzsLA1BeTqwapK0bfjxNvHJVw=="],

    "@rolldown/binding-android-arm64": ["@rolldown/binding-android-arm64@1.2.8", "", { "os": "android", "cpu": "arm64" }, "sha512-dIYTWl9XprMUiQFoc55KUyk/oS8SKYH3zFl0LTR7RT0Xj4hgSVyuJcroH8JUu8RcpF8fTB6E0aOwCkZoYPcDSQ=="],

    "@rolldown/binding-darwin-arm64": ["@rolldown/binding-darwin-arm64@1.2.8", "", { "os": "darwin", "cpu": "arm64" }, "sha512-PCSDQGXD2IyTEFrcgPyBM8jJuGmrbCMuoIOXdbEGVemruKACXoLQJrb+A45Z0L5t1RQkdfJprAYPkikbh7dzdA=="],

    "@rolldown/binding-darwin-x64": ["@rolldown/binding-darwin-x64@1.2.8", "", { "os": "darwin", "cpu": "x64" }, "sha512-Uk7lRsGhPFHVX/sAUC6D5H9Ol30dFHd6iquokll2th3LpdJ3F5CzQB+7DHn0Ri2mG+U7k2zXiPHDrwZenXhwSA=="],

    "@rolldown/binding-freebsd-x64": ["@rolldown/binding-freebsd-x64@1.2.8", "", { "os": "freebsd", "cpu": "x64" }, "sha512-DjszaTEVogPqA5bYzsEeqDCQxbcp2fexQwKcRspYji2yzR68fCf+e4fx6kBSRDwX5/brZaHw/hWS9+A/+/w9sQ=="],

    "@rolldown/binding-linux-arm-gnueabihf": ["@rolldown/binding-linux-arm-gnueabihf@1.2.8", "", { "os": "linux", "cpu": "arm" }, "sha512-zmwa7FTmdzB6aaEEuuls18H6Ap5JmJPSoPTuXixeJZV6tG40SyLkApQtz1g8ptZtiEKqj9OM0oNLPh1AgvE31Q=="],

    "@rolldown/binding-linux-arm64-gnu": ["@rolldown/binding-linux-arm64-gnu@1.2.8", "", { "os": "linux", "cpu": "arm64" }, "sha512-KdYQDPHwJVnbFwdTGMgxsI9SqblBlz6STGM+w1We/d5B8OWWidYH0MwkU/uA1wM5fIpO2MkOVxXrNzzuZhw9ew=="],

    "@rolldown/binding-linux-arm64-musl": ["@rolldown/binding-linux-arm64-musl@1.2.8", "", { "os": "linux", "cpu": "arm64" }, "sha512-jFJTifHnNPY+yzOoNZQfSIysrVyXzEQPhPnOUjmD1bcQGHH6s7c8cViKWar8YplQImE5N9JRqMCLrM2CdxOrZA=="],

    "@rolldown/binding-linux-ppc64-gnu": ["@rolldown/binding-linux-ppc64-gnu@1.2.8", "", { "os": "linux", "cpu": "ppc64" }, "sha512-FhiOziBDWPBjbcmRzfLyIJnaP7AVMFXT7YCXPjXxj7wKU3vx24RjrCNN/zjvVa+N2vVoHJwCoUBvsrN/DG3zIA=="],

    "@rolldown/binding-linux-s390x-gnu": ["@rolldown/binding-linux-s390x-gnu@1.2.8", "", { "os": "linux", "cpu": "s390x" }, "sha512-WnHfADMzOV2Y55wlx1hzzQnar/wDt/VdvWSD99r18Mz9ylNieIGOkRx3UV21h7m/eJvjySYJkO26VvGNFkwsIQ=="],

    "@rolldown/binding-linux-x64-gnu": ["@rolldown/binding-linux-x64-gnu@1.2.8", "", { "os": "linux", "cpu": "x64" }, "sha512-H9tRr5ibfXFVLxbPOseVewewFpl28zcEdjRDt2FTUZU7odxP0gEv1ki4/kGmcGOh78oRwZuuQllGLZ9zTJp84g=="],

    "@rolldown/binding-linux-x64-musl": ["@rolldown/binding-linux-x64-musl@1.2.8", "", { "os": "linux", "cpu": "x64" }, "sha512-UefiqfM3D6IVNlZ8tSGs9+Ejjud2T+oxO0IHADU45Y+lyEjD2dVFyZHbkfX0LUb5Zugo/oIv1eCO/KVYhgYJYA=="],

    "@rolldown/binding-openharmony-arm64": ["@rolldown/binding-openharmony-arm64@1.2.8", "", { "os": "none", "cpu": "arm64" }, "sha512-637Ke4kWSy6rp9cxQ9gMOXlxPgIw/c1beASV4M//3+9I4uwBVOOl74G+e3zyU3u19U7RkRl/HuewixZ/Z6+Rjg=="],

    "@rolldown/binding-win32-arm64-msvc": ["@rolldown/binding-win32-arm64-msvc@1.2.8", "", { "os": "win32", "cpu": "arm64" }, "sha512-xWBkPOF1Q9k/Gv1nQXnVdLxKu74jXppuOM4Z3mnypVUJJJwLsMl7hNJGRAUJoG8A5MgOI1ACKM+wBFxSJzKy4A=="],

    "@rolldown/binding-win32-x64-msvc": ["@rolldown/binding-win32-x64-msvc@1.2.8", "", { "os": "win32", "cpu": "x64" }, "sha512-uz2ZvfgXbxqNwijjjbxrnvALwpyODDcgc1T1N8N3rf/DXKQmaFwmB4LX4yyjggpwN2obdQLb2rgirX5ffCWYng=="],

    "@rolldown/pluginutils": ["@rolldown/pluginutils@1.0.1", "", {}, "sha512-2j9bGt5Jh8hj+vPtgzPtl72j0yRxHAyumoo6TNfAjsLB04UtpSvPbPcDcBMxz7n+9CYB0c1GxQFxYRg2jimqGw=="],

    "@standard-schema/spec": ["@standard-schema/spec@1.1.0", "", {}, "sha512-l2aFy5jALhniG5HgqrD6jXLi/rUWrKvqN/qJx6yoJsgKhblVd+iqqU4RCXavm/jPityDo5TCvKMnpjKnOriy0w=="],

    "@types/node": ["@types/node@24.13.4", "", { "dependencies": { "undici-types": "~7.18.0" } }, "sha512-YJ7EqCstVTzIr0fMr7qul/977en+pQHrfmuKIo6Zr9i75Be21dr3MovcfvGtyvi2HAUrRerWps5sMO9I7WaxDw=="],

    "@typescript/typescript-aix-ppc64": ["@typescript/typescript-aix-ppc64@7.0.2", "", { "os": "aix", "cpu": "ppc64" }, "sha512-MTKKkWB7p/0E9xi1d1tHtZ5PiLkGEMIq88pK2CubZjOsLtYTLqhgIgi6zepFa+9GHZ6h05NMCkQxGKiPXMxXtQ=="],

    "@typescript/typescript-darwin-arm64": ["@typescript/typescript-darwin-arm64@7.0.2", "", { "os": "darwin", "cpu": "arm64" }, "sha512-gowzar9MwS/aRWp6f3a4KUqzRjAZjOsmGNCM6LcTgXum+dBfgsBVMN+AgvOCCbguXyick6LJhpBszxMebJ8syA=="],

    "@typescript/typescript-darwin-x64": ["@typescript/typescript-darwin-x64@7.0.2", "", { "os": "darwin", "cpu": "x64" }, "sha512-SZ9xZInqApNlNGc9s0W1VSsktYSOe9cFqNOIqmN1Gs8SmkjKZYFt017G4VwPxASInODuAdbTW7sXiFUf893RgA=="],

    "@typescript/typescript-freebsd-arm64": ["@typescript/typescript-freebsd-arm64@7.0.2", "", { "os": "freebsd", "cpu": "arm64" }, "sha512-W5NH4y/J0plIIS5b2xvTEkU7JFxyqdMAOgf+Ilhl0vHQXKO5dZoxd+C/jEtq56c4F3wk71RB4BMRQ2XdI+bwYQ=="],

    "@typescript/typescript-freebsd-x64": ["@typescript/typescript-freebsd-x64@7.0.2", "", { "os": "freebsd", "cpu": "x64" }, "sha512-UMGDx5sTpzNw3WiPebH7l90IWfJggEd+egHt/q6p7/Cm3zqoV7VxkGXt+3DxPIw8CcmvAB0j3sVVfbhX+M4Tpw=="],

    "@typescript/typescript-linux-arm": ["@typescript/typescript-linux-arm@7.0.2", "", { "os": "linux", "cpu": "arm" }, "sha512-gffT3xPz9sR7j/YJExkyPntrI0P2EP9XbOyWzth2/Gs0RstK+90RBcO0ncXoXy/beYll1SXw846Nf2zdnEz0QQ=="],

    "@typescript/typescript-linux-arm64": ["@typescript/typescript-linux-arm64@7.0.2", "", { "os": "linux", "cpu": "arm64" }, "sha512-Qh4eU4/y3yDjnfjjyPYihMj5/ODIlmt+Bzu17OI+fiSRDW57QmU5SiN63exPRNJPKUzcc1INa1NXdrJ+MqHjUQ=="],

    "@typescript/typescript-linux-loong64": ["@typescript/typescript-linux-loong64@7.0.2", "", { "os": "linux", "cpu": "none" }, "sha512-uEHck9i8hoAzXPiYRib1O7miOnz23SxIeVl6F4LXox+qov1K35jHcEW6VHKvZI+pyvl7fZEP4MCU5LYvIq1GuQ=="],

    "@typescript/typescript-linux-mips64el": ["@typescript/typescript-linux-mips64el@7.0.2", "", { "os": "linux", "cpu": "none" }, "sha512-R4KvAMnE43W5Qeqb0Ly56O3mWMWIAgsMyz36DCaycd5nbg/9kzm0liw3JocfRqyJY0KPmzFjbswozXyW0DnIYA=="],

    "@typescript/typescript-linux-ppc64": ["@typescript/typescript-linux-ppc64@7.0.2", "", { "os": "linux", "cpu": "ppc64" }, "sha512-DORx5b3sd/4S7eayxm4FQv+A7CrkUIGRaHiwI8oiHTAI1fAPWhF4J0vAlkC8biAlHSVVwxMQ3tjZ2/DVbnQiiA=="],

    "@typescript/typescript-linux-riscv64": ["@typescript/typescript-linux-riscv64@7.0.2", "", { "os": "linux", "cpu": "none" }, "sha512-wf0jqEDOjrPRnKwYRyyJDRo11KMbvMFrU+q4zqKyChODBzvlkbhNQfKvLxQCcwTpdDaXSHZTVuh0JoCrKCUMHQ=="],

    "@typescript/typescript-linux-s390x": ["@typescript/typescript-linux-s390x@7.0.2", "", { "os": "linux", "cpu": "s390x" }, "sha512-IkwJc3L7yhytWd/ewjyxNDfOmswCm9GWMJT/ue/dU4aZNbwZeYAetq42VyLmsmSjvoX7z74X6ZaYCtzAr0EuGw=="],

    "@typescript/typescript-linux-x64": ["@typescript/typescript-linux-x64@7.0.2", "", { "os": "linux", "cpu": "x64" }, "sha512-EYdf2cNg7rgCWJnxCdJ+F3V39O8ihb37eHAu1LK8oAFizgTQbPOK7zHHXbPt8rX24COqODXeI3sIf0fCXG7H/A=="],

    "@typescript/typescript-netbsd-arm64": ["@typescript/typescript-netbsd-arm64@7.0.2", "", { "os": "none", "cpu": "arm64" }, "sha512-+polYF4MF04aPpO5FTkHran9yUQDSXqy5GiSDKpsll5jy3l3+g9QLhpf39T+ePtefhXLOGrLl0QIjkQP6VnelA=="],

    "@typescript/typescript-netbsd-x64": ["@typescript/typescript-netbsd-x64@7.0.2", "", { "os": "none", "cpu": "x64" }, "sha512-8YIT0EHM/3dq10ZOVF/A7pc/YSMtbcecct4rWtexrnSCHOPcpC2KTLXfTCR6vDpnSiY12heNb1GiN/wu+T/FyA=="],

    "@typescript/typescript-openbsd-arm64": ["@typescript/typescript-openbsd-arm64@7.0.2", "", { "os": "openbsd", "cpu": "arm64" }, "sha512-APT8+ClYnuYm1u9+kgGXoMj2VzWzcymwh2gNSQVySHfkRDGOTVkoWLjCmOQSaO+PoqQ57B0flRp9SA+7GnnkzQ=="],

    "@typescript/typescript-openbsd-x64": ["@typescript/typescript-openbsd-x64@7.0.2", "", { "os": "openbsd", "cpu": "x64" }, "sha512-yX7s+Q0Dln0Dt9tEzZsAjXXR/+ytBM7AlglaqyeMPxQszJ1JhlJdZ6jLA+IzldHtflX81em7lDao1xXu+aRRkg=="],

    "@typescript/typescript-sunos-x64": ["@typescript/typescript-sunos-x64@7.0.2", "", { "os": "sunos", "cpu": "x64" }, "sha512-dLJDGaLZ1D4HPQn62u1n8mBDkJREwMsAkCdkwd4Ieqw+x3TUyTsqY0YiBCtE6H6OzzgGk3iuZ3vFWRS+E8/d1g=="],

    "@typescript/typescript-win32-arm64": ["@typescript/typescript-win32-arm64@7.0.2", "", { "os": "win32", "cpu": "arm64" }, "sha512-Gyl1Vy6OsWesLzmq+EP0Fb7b4Nid5232AvcA2SFcdYreldpNtYFFofPjnt62y9hQy7VTaZp65ICJjuAQRaVcIQ=="],

    "@typescript/typescript-win32-x64": ["@typescript/typescript-win32-x64@7.0.2", "", { "os": "win32", "cpu": "x64" }, "sha512-0BQ3HkAHHlKLSp1qRvf3SUhGpGsDuhB/jgFw75guyqbxJqEaS0Cw/VFO8i2nHglJUzQCRtMMR/IBAKE3ETMC4g=="],

    "@vercel/oidc": ["@vercel/oidc@3.2.0", "", {}, "sha512-UycprH3T6n3jH0k44NHMa7pnFHGu/N05MjojYr+Mc6I7obkoLIJujSWwin1pCvdy/eOxrI/l3uDLQsmcrOb4ug=="],

    "@vercel/otel": ["@vercel/otel@2.1.3", "", { "peerDependencies": { "@opentelemetry/api": ">=1.9.0 <2.0.0", "@opentelemetry/api-logs": ">=0.200.0 <0.300.0", "@opentelemetry/instrumentation": ">=0.200.0 <0.300.0", "@opentelemetry/resources": ">=2.0.0 <3.0.0", "@opentelemetry/sdk-logs": ">=0.200.0 <0.300.0", "@opentelemetry/sdk-metrics": ">=2.0.0 <3.0.0", "@opentelemetry/sdk-trace-base": ">=2.0.0 <3.0.0" } }, "sha512-Ofvzs9qhftRD1YMLuPnhbXjQZG6IKrJ9AmEKmRHRGfoWlV89ed2gAOkvddkFiZDFZJm2rrFNdeZKRVxoCdnWiw=="],

    "@workflow/serde": ["@workflow/serde@4.1.0", "", {}, "sha512-pav4F2BoirECWR7Nf1TKt+2eETcBj7jj4cBefQ8VXQCA6NPkaKeLfj/zMgi+3zYV5ZIBT4GuUiphsj0/b9hPQQ=="],

    "ai": ["ai@7.0.99", "", { "dependencies": { "@ai-sdk/gateway": "4.0.80", "@ai-sdk/provider": "4.0.14", "@ai-sdk/provider-utils": "5.0.40" }, "peerDependencies": { "zod": "^3.25.76 || ^4.1.8" } }, "sha512-Ov+3j/nSajaVH5hO8C94wN9wisG5tAJ8HWsLV9d/+nlzrRGUh3oYO3Kp1fRyUNWjAWLSpGLHLPaHCdfxb307Vg=="],

    "cjs-module-lexer": ["cjs-module-lexer@2.2.1", "", {}, "sha512-Ca8swihM+/4yKecYHY52kgJd300hi2lADU/a1RxNTRe+RJ9jvqQlESpbz9DnG9mowez8qwXHB8qYdIUw9e+F5Q=="],

    "consola": ["consola@3.4.2", "", {}, "sha512-5IKcdX0nnYavi6G7TtOhwkYzyjfJlatbjMjuLSfE2kYT5pMDOilZ4OvMhi637CcDICTmz3wARPoyhqyX1Y+XvA=="],

    "crossws": ["crossws@0.4.12", "", { "peerDependencies": { "srvx": ">=0.11.5" }, "optionalPeers": ["srvx"] }, "sha512-aypfsr6t0uNvkqaZc6zvBfXzC6pLI0/sIulpkV6RwCVtZqG5ebBzv4weImKK0VNCj91Wl9F5j7p5WU4MNrybng=="],

    "db0": ["db0@0.3.4", "", { "peerDependencies": { "@electric-sql/pglite": "*", "@libsql/client": "*", "better-sqlite3": "*", "drizzle-orm": "*", "mysql2": "*", "sqlite3": "*" }, "optionalPeers": ["@electric-sql/pglite", "@libsql/client", "better-sqlite3", "drizzle-orm", "mysql2", "sqlite3"] }, "sha512-RiXXi4WaNzPTHEOu8UPQKMooIbqOEyqA1t7Z6MsdxSCeb8iUC9ko3LcmsLmeUt2SM5bctfArZKkRQggKZz7JNw=="],

    "debug": ["debug@4.4.3", "", { "dependencies": { "ms": "^2.1.3" }, "peerDependencies": { "supports-color": "*" }, "optionalPeers": ["supports-color"] }, "sha512-RGwwWnwQvkVfavKVt22FGLw+xYSdzARwm0ru6DhTVA3umU5hZc28V3kO4stgYryrTlLpuvgI9GiijltAjNbcqA=="],

    "env-runner": ["env-runner@0.1.16", "", { "dependencies": { "crossws": "^0.4.8", "exsolve": "^1.1.0", "httpxy": "^0.5.4", "srvx": "^0.11.19" }, "peerDependencies": { "@netlify/runtime": "^4.1.23", "@vercel/queue": ">=0.2.0", "miniflare": "^4.20260515.0", "wrangler": "^4.0.0" }, "optionalPeers": ["@netlify/runtime", "@vercel/queue", "miniflare", "wrangler"], "bin": { "env-runner": "dist/cli.mjs" } }, "sha512-2LRJM4P2KLX6J83QZZrMqvgCDt/D5ea7wPcI3yYiy5cG/9rX5QwdwZFx0D7ktWnjdRyZxYjttGGorb5nFqb1CA=="],

    "es-module-lexer": ["es-module-lexer@3.0.2", "", {}, "sha512-BuIB67FngDSyQ/dpQNOZybwdEBDUGJQvOqwWr4ha/ufYiqzuEwPkKO2zLhRAgay28tStRIHUeWmszZAJo3GCOg=="],

    "eve": ["eve@0.44.4", "", { "dependencies": { "nitro": "3.0.260610-beta", "undici": "8.9.0" }, "peerDependencies": { "@opentelemetry/api": "^1.0.0", "ai": "^7.0.58", "braintrust": "^3.0.0", "just-bash": "^3.1.0", "microsandbox": "^0.5.0" }, "optionalPeers": ["@opentelemetry/api", "braintrust", "just-bash", "microsandbox"], "bin": { "eve": "./bin/eve.js" } }, "sha512-juaOffL+doGo8z1gfB5FrO750dZKMaY5G3Qm96N+bASs5nHBwhkGfqHKEyTFGZmXaxBWJpnDRnEgL4rAKtQPcw=="],

    "eventsource-parser": ["eventsource-parser@3.1.1", "", {}, "sha512-EKN1vKAMcZ8MlYMpaNuxN6R9yakzH6uajHcHVTqWJzvu5pWw9DyhbP35HH8MVBQ+dZjAfDxk+A8NiR9KWaXiyQ=="],

    "exsolve": ["exsolve@1.1.1", "", {}, "sha512-9U/jZUgjnSGyntRr6y5Muu1MJcwFl6kPu7k8qLF0IMNfLqvw0NZ4nnVDq0RVoZ0RvCyumib4Ez3KYrVfilrw+g=="],

    "h3": ["h3@2.0.1-rc.22", "", { "dependencies": { "rou3": "^0.8.1", "srvx": "^0.11.15" }, "peerDependencies": { "crossws": "^0.4.1" }, "optionalPeers": ["crossws"], "bin": { "h3": "bin/h3.mjs" } }, "sha512-Esv0DMIuPkCTSWCA0vO73vcTqwzH1wjSrAO1TXNu/K3up1sZHa9EKMapbmxCDYBeymC3fVTk4qxp7ogQWQ+KgA=="],

    "hookable": ["hookable@6.1.1", "", {}, "sha512-U9LYDy1CwhMCnprUfeAZWZGByVbhd54hwepegYTK7Pi5NvqEj63ifz5z+xukznehT7i6NIZRu89Ay1AZmRsLEQ=="],

    "httpxy": ["httpxy@0.5.5", "", {}, "sha512-uDjmnPyp1q4Sgzf3w+J/Fc6UqcCEj0x4Wjp7OqK5dGhNeDgpyrAmnS6ey8QWrX3SWDon2DMKf9sBa5X9+CVyMA=="],

    "import-in-the-middle": ["import-in-the-middle@3.5.1", "", { "dependencies": { "cjs-module-lexer": "^2.2.0", "es-module-lexer": "^3.0.2", "module-details-from-path": "^1.0.4" } }, "sha512-mPKuL8bPQzecui2KK6Gb+M8JvJoHnhS1FeYGa22QopBmlevF5F0FE6ued/B5EgHDeIoMTONIpDWWFKUPOG0DBQ=="],

    "json-schema": ["json-schema@0.4.0", "", {}, "sha512-es94M3nTIfsEPisRafak+HDLfHXnKBhV3vU5eqPcS3flIWqcxJWgXHXiey3YrpaNsanY5ei1VoYEbOzijuq9BA=="],

    "module-details-from-path": ["module-details-from-path@1.0.4", "", {}, "sha512-EGWKgxALGMgzvxYF1UyGTy0HXX/2vHLkw6+NvDKW2jypWbHpjQuj4UMcqQWXHERJhVGKikolT06G3bcKe4fi7w=="],

    "ms": ["ms@2.1.3", "", {}, "sha512-6FlzubTLZG3J2a/NVCAleEhjzq5oxgHyaCU9yYXvcLsvoVaHJq/s5xXI6/XXP6tz7R9xAOtHnSO/tXtF3WRTlA=="],

    "nf3": ["nf3@0.3.24", "", {}, "sha512-HxLK4bo+5jNsEETZp4w3tJblHOA9MCBY14IN9nZJJV8JDxt9yNIYxuBuLMjTAR5GFa3HL61+8VQDUrXv3/C8fw=="],

    "nitro": ["nitro@3.0.260610-beta", "", { "dependencies": { "consola": "^3.4.2", "crossws": "^0.4.6", "db0": "^0.3.4", "env-runner": "^0.1.12", "h3": "2.0.1-rc.22", "hookable": "^6.1.1", "nf3": "^0.3.17", "ocache": "^0.1.5", "ofetch": "2.0.0-alpha.3", "ohash": "^2.0.11", "rolldown": "^1.1.0", "srvx": "^0.11.16", "unenv": "2.0.0-rc.24", "unstorage": "2.0.0-alpha.7" }, "peerDependencies": { "@vercel/queue": "^0.3.0", "dotenv": "*", "giget": "*", "jiti": "^2.7.0", "rollup": "^4.61.1", "vite": "^7 || ^8", "xml2js": "^0.6.2", "zephyr-agent": "^0.2.0" }, "optionalPeers": ["@vercel/queue", "dotenv", "giget", "jiti", "rollup", "vite", "xml2js", "zephyr-agent"], "bin": { "nitro": "dist/cli/index.mjs" } }, "sha512-KPb4L5yaF/Rx/xoGMpgHRJvZhbhGiqbRKOwwPLCH9jKTKTsEUHLjnJas85AeCzaswqa8Wi52eQBtRsODC4PS0Q=="],

    "ocache": ["ocache@0.1.5", "", { "dependencies": { "ohash": "^2.0.11" } }, "sha512-kNNnkkVQup/QDvmTz8Q84wc2ntiyoVHDxa6eHWKt5qdGAmFRBIxy83rxgCYEjW0x06UJ9E3P6VgM2yY4rOBH4w=="],

    "ofetch": ["ofetch@2.0.0-alpha.3", "", {}, "sha512-zpYTCs2byOuft65vI3z43Dd6iSdFbOZZLb9/d21aCpx2rGastVU9dOCv0lu4ykc1Ur1anAYjDi3SUvR0vq50JA=="],

    "ohash": ["ohash@2.0.12", "", {}, "sha512-65S/5gk9YSsaRjcyf7Nfa6h/d3E8/1gslpXfI4W7Dxn/oap8IKRuNT5VXkLQ1YFKIEg4apRY4Pj6aiwFzrDdmw=="],

    "pathe": ["pathe@2.0.3", "", {}, "sha512-WUjGcAqP1gQacoQe+OBJsFA7Ld4DyXuUIjZ5cc75cLHvJ7dtNsTugphxIADwspS+AraAUePCKrSVtPLFj/F88w=="],

    "require-in-the-middle": ["require-in-the-middle@8.0.1", "", { "dependencies": { "debug": "^4.3.5", "module-details-from-path": "^1.0.3" } }, "sha512-QT7FVMXfWOYFbeRBF6nu+I6tr2Tf3u0q8RIEjNob/heKY/nh7drD/k7eeMFmSQgnTtCzLDcCu/XEnpW2wk4xCQ=="],

    "rolldown": ["rolldown@1.2.8", "", { "dependencies": { "@oxc-project/types": "=0.149.0", "@rolldown/pluginutils": "^1.0.0" }, "optionalDependencies": { "@rolldown/binding-android-arm-eabi": "1.2.8", "@rolldown/binding-android-arm64": "1.2.8", "@rolldown/binding-darwin-arm64": "1.2.8", "@rolldown/binding-darwin-x64": "1.2.8", "@rolldown/binding-freebsd-x64": "1.2.8", "@rolldown/binding-linux-arm-gnueabihf": "1.2.8", "@rolldown/binding-linux-arm64-gnu": "1.2.8", "@rolldown/binding-linux-arm64-musl": "1.2.8", "@rolldown/binding-linux-ppc64-gnu": "1.2.8", "@rolldown/binding-linux-s390x-gnu": "1.2.8", "@rolldown/binding-linux-x64-gnu": "1.2.8", "@rolldown/binding-linux-x64-musl": "1.2.8", "@rolldown/binding-openharmony-arm64": "1.2.8", "@rolldown/binding-win32-arm64-msvc": "1.2.8", "@rolldown/binding-win32-x64-msvc": "1.2.8" }, "bin": { "rolldown": "./bin/cli.mjs" } }, "sha512-Z67nTmhZe7anqnM/EjI392w5i/ANUinjip7QYsOyN37oayduxt3ksdX0hf5OOamkAd53BiIHfbfSzfUmzKFQqQ=="],

    "rou3": ["rou3@0.8.1", "", {}, "sha512-ePa+XGk00/3HuCqrEnK3LxJW7I0SdNg6EFzKUJG73hMAdDcOUC/i/aSz7LSDwLrGr33kal/rqOGydzwl6U7zBA=="],

    "srvx": ["srvx@0.11.22", "", { "bin": { "srvx": "bin/srvx.mjs" } }, "sha512-LqZxxBDMKuMAZzFzJnDCkFOrs9MZQZr0LvHiO/SuSZVdQaXD7xQ5UWTUxheJrQPve1qk9MG2B/yttUvJxw8egQ=="],

    "typescript": ["typescript@7.0.2", "", { "optionalDependencies": { "@typescript/typescript-aix-ppc64": "7.0.2", "@typescript/typescript-darwin-arm64": "7.0.2", "@typescript/typescript-darwin-x64": "7.0.2", "@typescript/typescript-freebsd-arm64": "7.0.2", "@typescript/typescript-freebsd-x64": "7.0.2", "@typescript/typescript-linux-arm": "7.0.2", "@typescript/typescript-linux-arm64": "7.0.2", "@typescript/typescript-linux-loong64": "7.0.2", "@typescript/typescript-linux-mips64el": "7.0.2", "@typescript/typescript-linux-ppc64": "7.0.2", "@typescript/typescript-linux-riscv64": "7.0.2", "@typescript/typescript-linux-s390x": "7.0.2", "@typescript/typescript-linux-x64": "7.0.2", "@typescript/typescript-netbsd-arm64": "7.0.2", "@typescript/typescript-netbsd-x64": "7.0.2", "@typescript/typescript-openbsd-arm64": "7.0.2", "@typescript/typescript-openbsd-x64": "7.0.2", "@typescript/typescript-sunos-x64": "7.0.2", "@typescript/typescript-win32-arm64": "7.0.2", "@typescript/typescript-win32-x64": "7.0.2" }, "bin": { "tsc": "bin/tsc" } }, "sha512-8FYau96o3NKOhbjKi/qNvG/W5jhzxkbdm5sj9AbZ/5T5sWqn3hJgLfGx27sRKZWTvyzCP8dLRBTf5tBTSRVUNA=="],

    "undici": ["undici@8.9.0", "", {}, "sha512-aWZpUj7XoGonMClx4gdDRfgBjqeA+F473aDmROQQbM9n6PRfK/u1q/a0X4wMTgcHfT8H6fpbt98PFuDUwFg2YA=="],

    "undici-types": ["undici-types@7.18.2", "", {}, "sha512-AsuCzffGHJybSaRrmr5eHr81mwJU3kjw6M+uprWvCXiNeN9SOGwQ3Jn8jb8m3Z6izVgknn1R0FTCEAP2QrLY/w=="],

    "unenv": ["unenv@2.0.0-rc.24", "", { "dependencies": { "pathe": "^2.0.3" } }, "sha512-i7qRCmY42zmCwnYlh9H2SvLEypEFGye5iRmEMKjcGi7zk9UquigRjFtTLz0TYqr0ZGLZhaMHl/foy1bZR+Cwlw=="],

    "unstorage": ["unstorage@2.0.0-alpha.7", "", { "peerDependencies": { "@azure/app-configuration": "^1.11.0", "@azure/cosmos": "^4.9.1", "@azure/data-tables": "^13.3.2", "@azure/identity": "^4.13.0", "@azure/keyvault-secrets": "^4.10.0", "@azure/storage-blob": "^12.31.0", "@capacitor/preferences": "^6 || ^7 || ^8", "@deno/kv": ">=0.13.0", "@netlify/blobs": "^6.5.0 || ^7.0.0 || ^8.1.0 || ^9.0.0 || ^10.0.0", "@planetscale/database": "^1.19.0", "@upstash/redis": "^1.36.2", "@vercel/blob": ">=0.27.3", "@vercel/functions": "^2.2.12 || ^3.0.0", "@vercel/kv": "^1.0.1", "aws4fetch": "^1.0.20", "chokidar": "^4 || ^5", "db0": ">=0.3.4", "idb-keyval": "^6.2.2", "ioredis": "^5.9.3", "lru-cache": "^11.2.6", "mongodb": "^6 || ^7", "ofetch": "*", "uploadthing": "^7.7.4" }, "optionalPeers": ["@azure/app-configuration", "@azure/cosmos", "@azure/data-tables", "@azure/identity", "@azure/keyvault-secrets", "@azure/storage-blob", "@capacitor/preferences", "@deno/kv", "@netlify/blobs", "@planetscale/database", "@upstash/redis", "@vercel/blob", "@vercel/functions", "@vercel/kv", "aws4fetch", "chokidar", "db0", "idb-keyval", "ioredis", "lru-cache", "mongodb", "ofetch", "uploadthing"] }, "sha512-ELPztchk2zgFJnakyodVY3vJWGW9jy//keJ32IOJVGUMyaPydwcA1FtVvWqT0TNRch9H+cMNEGllfVFfScImog=="],

    "zod": ["zod@4.4.3", "", {}, "sha512-ytENFjIJFl2UwYglde2jchW2Hwm4GJFLDiSXWdTrJQBIN9Fcyp7n4DhxJEiWNAJMV1/BqWfW/kkg71UDcHJyTQ=="],

    "@ai-sdk/gateway/@ai-sdk/provider": ["@ai-sdk/provider@4.0.14", "", { "dependencies": { "json-schema": "^0.4.0" } }, "sha512-yukP2tbcQQErG5gLCMBGvpvb/rM3D3KlTKG6eKKOdNHLHqtNNDEeBxdYrY/JL+O76B2ig5dXY19H/f1HFSvRiQ=="],

    "@ai-sdk/gateway/@ai-sdk/provider-utils": ["@ai-sdk/provider-utils@5.0.40", "", { "dependencies": { "@ai-sdk/provider": "4.0.14", "@standard-schema/spec": "^1.1.0", "@workflow/serde": "4.1.0", "eventsource-parser": "^3.0.8", "undici": "^7.29.0" }, "peerDependencies": { "zod": "^3.25.76 || ^4.1.8" } }, "sha512-zsXPwSAQ9mRJ2hvyITaLOYUyuGrBmzFhJXOg4mllGmla1PfNxZcm4GwqMiV2xQaDgcgBMdUGxXkp9xekZZNIkg=="],

    "@ai-sdk/provider-utils/undici": ["undici@7.29.1", "", {}, "sha512-RYONW2MeafgYlkVOKYKkA/Ag7BmXqgIWCa8t1m0JcxrQg9pI9lEqRhAOruOBCbAohOa/gkCF+iPi9hrgvTzu6Q=="],

    "ai/@ai-sdk/provider": ["@ai-sdk/provider@4.0.14", "", { "dependencies": { "json-schema": "^0.4.0" } }, "sha512-yukP2tbcQQErG5gLCMBGvpvb/rM3D3KlTKG6eKKOdNHLHqtNNDEeBxdYrY/JL+O76B2ig5dXY19H/f1HFSvRiQ=="],

    "ai/@ai-sdk/provider-utils": ["@ai-sdk/provider-utils@5.0.40", "", { "dependencies": { "@ai-sdk/provider": "4.0.14", "@standard-schema/spec": "^1.1.0", "@workflow/serde": "4.1.0", "eventsource-parser": "^3.0.8", "undici": "^7.29.0" }, "peerDependencies": { "zod": "^3.25.76 || ^4.1.8" } }, "sha512-zsXPwSAQ9mRJ2hvyITaLOYUyuGrBmzFhJXOg4mllGmla1PfNxZcm4GwqMiV2xQaDgcgBMdUGxXkp9xekZZNIkg=="],

    "@ai-sdk/gateway/@ai-sdk/provider-utils/undici": ["undici@7.29.1", "", {}, "sha512-RYONW2MeafgYlkVOKYKkA/Ag7BmXqgIWCa8t1m0JcxrQg9pI9lEqRhAOruOBCbAohOa/gkCF+iPi9hrgvTzu6Q=="],

    "ai/@ai-sdk/provider-utils/undici": ["undici@7.29.1", "", {}, "sha512-RYONW2MeafgYlkVOKYKkA/Ag7BmXqgIWCa8t1m0JcxrQg9pI9lEqRhAOruOBCbAohOa/gkCF+iPi9hrgvTzu6Q=="],
  }
}
